
Microsoft Visual Studio Solution File, Format Version 12.00
# Visual Studio 15
VisualStudioVersion = 15.0.28307.168
MinimumVisualStudioVersion = 10.0.40219.1
Project("{FAE04EC0-301F-11D3-BF4B-00C04F79EFBC}") = "Test", "Test\Test.csproj", "{EB8252D4-439B-4AF6-B053-4838011AFB84}"
EndProject
Project("{FAE04EC0-301F-11D3-BF4B-00C04F79EFBC}") = "Jabukufo", "Jabukufo\Jabukufo.csproj", "{2D6C16C4-A849-4073-BE47-A38E38B153A9}"
EndProject
Global
	GlobalSection(SolutionConfigurationPlatforms) = preSolution
		Debug|Any CPU = Debug|Any CPU
		Release|Any CPU = Release|Any CPU
	EndGlobalSection
	GlobalSection(ProjectConfigurationPlatforms) = postSolution
		{EB8252D4-439B-4AF6-B053-4838011AFB84}.Debug|Any CPU.ActiveCfg = Debug|Any CPU
		{EB8252D4-439B-4AF6-B053-4838011AFB84}.Debug|Any CPU.Build.0 = Debug|Any CPU
		{EB8252D4-439B-4AF6-B053-4838011AFB84}.Release|Any CPU.ActiveCfg = Release|Any CPU
		{EB8252D4-439B-4AF6-B053-4838011AFB84}.Release|Any CPU.Build.0 = Release|Any CPU
		{2D6C16C4-A849-4073-BE47-A38E38B153A9}.Debug|Any CPU.ActiveCfg = Debug|Any CPU
		{2D6C16C4-A849-4073-BE47-A38E38B153A9}.Debug|Any CPU.Build.0 = Debug|Any CPU
		{2D6C16C4-A849-4073-BE47-A38E38B153A9}.Release|Any CPU.ActiveCfg = Release|Any CPU
		{2D6C16C4-A849-4073-BE47-A38E38B153A9}.Release|Any CPU.Build.0 = Release|Any CPU
	EndGlobalSection
	GlobalSection(SolutionProperties) = preSolution
		HideSolutionNode = FALSE
	EndGlobalSection
	GlobalSection(ExtensibilityGlobals) = postSolution
		SolutionGuid = {19BFC491-A2EF-492E-9563-1DD3E0B4AF70}
	EndGlobalSection
EndGlobal
