<?xml version="1.0" encoding="utf-8"?>
<Project ToolsVersion="4.0" xmlns="http://schemas.microsoft.com/developer/msbuild/2003">
  <ItemGroup>
    <Filter Include="Source Files">
      <UniqueIdentifier>{4FC737F1-C7A5-4376-A066-2A32D752A2FF}</UniqueIdentifier>
      <Extensions>cpp;c;cc;cxx;def;odl;idl;hpj;bat;asm;asmx</Extensions>
    </Filter>
    <Filter Include="Header Files">
      <UniqueIdentifier>{93995380-89BD-4b04-88EB-625FBE52EBFB}</UniqueIdentifier>
      <Extensions>h;hh;hpp;hxx;hm;inl;inc;ipp;xsd</Extensions>
    </Filter>
    <Filter Include="Resource Files">
      <UniqueIdentifier>{67DA6AB6-F800-4c08-8B7A-83BB121AAD01}</UniqueIdentifier>
      <Extensions>rc;ico;cur;bmp;dlg;rc2;rct;bin;rgs;gif;jpg;jpeg;jpe;resx;tiff;tif;png;wav;mfcribbon-ms</Extensions>
    </Filter>
    <Filter Include="libavcodec">
      <UniqueIdentifier>{c4b783d2-f03d-4387-b8ab-6f69a12c85c5}</UniqueIdentifier>
    </Filter>
    <Filter Include="libavutil">
      <UniqueIdentifier>{c7803a7e-dc64-4688-aaac-38effcf377cd}</UniqueIdentifier>
    </Filter>
    <Filter Include="libavutil\x86">
      <UniqueIdentifier>{1b40be19-82de-4b22-97b3-3b224bcf516d}</UniqueIdentifier>
    </Filter>
    <Filter Include="compat">
      <UniqueIdentifier>{04355927-52a5-49b5-8d27-071ccc6bfad9}</UniqueIdentifier>
    </Filter>
    <Filter Include="libavcodec\x86">
      <UniqueIdentifier>{7f80da97-a4da-40af-8120-d783313ecc64}</UniqueIdentifier>
    </Filter>
  </ItemGroup>
  <ItemGroup>
    <ClInclude Include="config.h">
      <Filter>Header Files</Filter>
    </ClInclude>
    <ClInclude Include="config_lin.h">
      <Filter>Header Files</Filter>
    </ClInclude>
    <ClInclude Include="config_win.h">
      <Filter>Header Files</Filter>
    </ClInclude>
    <ClInclude Include="version.h">
      <Filter>Header Files</Filter>
    </ClInclude>
    <ClInclude Include="libavcodec\avcodec.h">
      <Filter>libavcodec</Filter>
    </ClInclude>
    <ClInclude Include="libavcodec\get_bits.h">
      <Filter>libavcodec</Filter>
    </ClInclude>
    <ClInclude Include="libavcodec\internal.h">
      <Filter>libavcodec</Filter>
    </ClInclude>
    <ClInclude Include="libavcodec\put_bits.h">
      <Filter>libavcodec</Filter>
    </ClInclude>
    <ClInclude Include="libavcodec\sinewin.h">
      <Filter>libavcodec</Filter>
    </ClInclude>
    <ClInclude Include="libavcodec\wma.h">
      <Filter>libavcodec</Filter>
    </ClInclude>
    <ClInclude Include="libavcodec\wma_common.h">
      <Filter>libavcodec</Filter>
    </ClInclude>
    <ClInclude Include="libavcodec\wmaprodata.h">
      <Filter>libavcodec</Filter>
    </ClInclude>
    <ClInclude Include="libavcodec\xma2dec.h">
      <Filter>libavcodec</Filter>
    </ClInclude>
    <ClInclude Include="libavutil\attributes.h">
      <Filter>libavutil</Filter>
    </ClInclude>
    <ClInclude Include="libavutil\avconfig.h">
      <Filter>libavutil</Filter>
    </ClInclude>
    <ClInclude Include="libavutil\avstring.h">
      <Filter>libavutil</Filter>
    </ClInclude>
    <ClInclude Include="libavutil\avutil.h">
      <Filter>libavutil</Filter>
    </ClInclude>
    <ClInclude Include="libavutil\bswap.h">
      <Filter>libavutil</Filter>
    </ClInclude>
    <ClInclude Include="libavutil\common.h">
      <Filter>libavutil</Filter>
    </ClInclude>
    <ClInclude Include="libavutil\dict.h">
      <Filter>libavutil</Filter>
    </ClInclude>
    <ClInclude Include="libavutil\float_dsp.h">
      <Filter>libavutil</Filter>
    </ClInclude>
    <ClInclude Include="libavutil\internal.h">
      <Filter>libavutil</Filter>
    </ClInclude>
    <ClInclude Include="libavutil\intfloat.h">
      <Filter>libavutil</Filter>
    </ClInclude>
    <ClInclude Include="libavutil\intreadwrite.h">
      <Filter>libavutil</Filter>
    </ClInclude>
    <ClInclude Include="libavutil\mem.h">
      <Filter>libavutil</Filter>
    </ClInclude>
    <ClInclude Include="libavutil\pixfmt.h">
      <Filter>libavutil</Filter>
    </ClInclude>
    <ClInclude Include="libavutil\x86\emms.h">
      <Filter>libavutil\x86</Filter>
    </ClInclude>
    <ClInclude Include="libavutil\buffer.h">
      <Filter>libavutil</Filter>
    </ClInclude>
    <ClInclude Include="libavutil\cpu.h">
      <Filter>libavutil</Filter>
    </ClInclude>
    <ClInclude Include="libavutil\log.h">
      <Filter>libavutil</Filter>
    </ClInclude>
    <ClInclude Include="libavutil\rational.h">
      <Filter>libavutil</Filter>
    </ClInclude>
    <ClInclude Include="libavutil\samplefmt.h">
      <Filter>libavutil</Filter>
    </ClInclude>
    <ClInclude Include="libavutil\frame.h">
      <Filter>libavutil</Filter>
    </ClInclude>
    <ClInclude Include="libavutil\channel_layout.h">
      <Filter>libavutil</Filter>
    </ClInclude>
    <ClInclude Include="libavutil\mathematics.h">
      <Filter>libavutil</Filter>
    </ClInclude>
    <ClInclude Include="libavutil\error.h">
      <Filter>libavutil</Filter>
    </ClInclude>
    <ClInclude Include="libavutil\macros.h">
      <Filter>libavutil</Filter>
    </ClInclude>
    <ClInclude Include="libavcodec\fft.h">
      <Filter>libavcodec</Filter>
    </ClInclude>
    <ClInclude Include="libavutil\atomic.h">
      <Filter>libavutil</Filter>
    </ClInclude>
    <ClInclude Include="libavutil\buffer_internal.h">
      <Filter>libavutil</Filter>
    </ClInclude>
    <ClInclude Include="libavutil\thread.h">
      <Filter>libavutil</Filter>
    </ClInclude>
    <ClInclude Include="libavutil\avassert.h">
      <Filter>libavutil</Filter>
    </ClInclude>
    <ClInclude Include="libavutil\libm.h">
      <Filter>libavutil</Filter>
    </ClInclude>
    <ClInclude Include="libavcodec\sinewin_tablegen.h">
      <Filter>libavcodec</Filter>
    </ClInclude>
    <ClInclude Include="libavutil\atomic_win32.h">
      <Filter>libavutil</Filter>
    </ClInclude>
    <ClInclude Include="libavutil\cpu_internal.h">
      <Filter>libavutil</Filter>
    </ClInclude>
    <ClInclude Include="libavutil\opt.h">
      <Filter>libavutil</Filter>
    </ClInclude>
    <ClInclude Include="libavutil\imgutils.h">
      <Filter>libavutil</Filter>
    </ClInclude>
    <ClInclude Include="libavcodec\avfft.h">
      <Filter>libavcodec</Filter>
    </ClInclude>
    <ClInclude Include="compat\w32pthreads.h">
      <Filter>compat</Filter>
    </ClInclude>
    <ClInclude Include="libavutil\eval.h">
      <Filter>libavutil</Filter>
    </ClInclude>
    <ClInclude Include="libavcodec\mathops.h">
      <Filter>libavcodec</Filter>
    </ClInclude>
    <ClInclude Include="libavutil\pixdesc.h">
      <Filter>libavutil</Filter>
    </ClInclude>
    <ClInclude Include="libavcodec\rdft.h">
      <Filter>libavcodec</Filter>
    </ClInclude>
    <ClInclude Include="libavutil\timer.h">
      <Filter>libavutil</Filter>
    </ClInclude>
    <ClInclude Include="libavutil\x86\timer.h">
      <Filter>libavutil\x86</Filter>
    </ClInclude>
    <ClInclude Include="libavcodec\x86\mathops.h">
      <Filter>libavcodec\x86</Filter>
    </ClInclude>
    <ClInclude Include="libavutil\x86\asm.h">
      <Filter>libavutil\x86</Filter>
    </ClInclude>
    <ClInclude Include="libavcodec\wma_freqs.h">
      <Filter>libavcodec</Filter>
    </ClInclude>
    <ClInclude Include="libavcodec\wmadata.h">
      <Filter>libavcodec</Filter>
    </ClInclude>
    <ClInclude Include="libavcodec\dct.h">
      <Filter>libavcodec</Filter>
    </ClInclude>
    <ClInclude Include="libavcodec\tableprint.h">
      <Filter>libavcodec</Filter>
    </ClInclude>
    <ClInclude Include="libavcodec\dct32.h">
      <Filter>libavcodec</Filter>
    </ClInclude>
  </ItemGroup>
  <ItemGroup>
    <ClCompile Include="libavcodec\allcodecs.c">
      <Filter>libavcodec</Filter>
    </ClCompile>
    <ClCompile Include="libavcodec\sinewin.c">
      <Filter>libavcodec</Filter>
    </ClCompile>
    <ClCompile Include="libavcodec\wma.c">
      <Filter>libavcodec</Filter>
    </ClCompile>
    <ClCompile Include="libavcodec\wma_common.c">
      <Filter>libavcodec</Filter>
    </ClCompile>
    <ClCompile Include="libavcodec\xma2dec.c">
      <Filter>libavcodec</Filter>
    </ClCompile>
    <ClCompile Include="libavutil\avstring.c">
      <Filter>libavutil</Filter>
    </ClCompile>
    <ClCompile Include="libavutil\dict.c">
      <Filter>libavutil</Filter>
    </ClCompile>
    <ClCompile Include="libavutil\float_dsp.c">
      <Filter>libavutil</Filter>
    </ClCompile>
    <ClCompile Include="libavutil\mem.c">
      <Filter>libavutil</Filter>
    </ClCompile>
    <ClCompile Include="libavutil\buffer.c">
      <Filter>libavutil</Filter>
    </ClCompile>
    <ClCompile Include="libavutil\cpu.c">
      <Filter>libavutil</Filter>
    </ClCompile>
    <ClCompile Include="libavutil\log.c">
      <Filter>libavutil</Filter>
    </ClCompile>
    <ClCompile Include="libavutil\rational.c">
      <Filter>libavutil</Filter>
    </ClCompile>
    <ClCompile Include="libavutil\samplefmt.c">
      <Filter>libavutil</Filter>
    </ClCompile>
    <ClCompile Include="libavutil\frame.c">
      <Filter>libavutil</Filter>
    </ClCompile>
    <ClCompile Include="libavutil\channel_layout.c">
      <Filter>libavutil</Filter>
    </ClCompile>
    <ClCompile Include="libavutil\mathematics.c">
      <Filter>libavutil</Filter>
    </ClCompile>
    <ClCompile Include="libavutil\error.c">
      <Filter>libavutil</Filter>
    </ClCompile>
    <ClCompile Include="libavutil\atomic.c">
      <Filter>libavutil</Filter>
    </ClCompile>
    <ClCompile Include="libavcodec\sinewin_tablegen.c">
      <Filter>libavcodec</Filter>
    </ClCompile>
    <ClCompile Include="libavutil\opt.c">
      <Filter>libavutil</Filter>
    </ClCompile>
    <ClCompile Include="libavutil\imgutils.c">
      <Filter>libavutil</Filter>
    </ClCompile>
    <ClCompile Include="libavcodec\avfft.c">
      <Filter>libavcodec</Filter>
    </ClCompile>
    <ClCompile Include="libavutil\eval.c">
      <Filter>libavutil</Filter>
    </ClCompile>
    <ClCompile Include="libavutil\pixdesc.c">
      <Filter>libavutil</Filter>
    </ClCompile>
    <ClCompile Include="libavcodec\rdft.c">
      <Filter>libavcodec</Filter>
    </ClCompile>
    <ClCompile Include="libavcodec\wma_freqs.c">
      <Filter>libavcodec</Filter>
    </ClCompile>
    <ClCompile Include="libavcodec\dct.c">
      <Filter>libavcodec</Filter>
    </ClCompile>
  </ItemGroup>
  <ItemGroup>
    <None Include="libavutil\x86\emms.asm">
      <Filter>libavutil\x86</Filter>
    </None>
    <None Include="libavutil\x86\x86inc.asm">
      <Filter>libavutil\x86</Filter>
    </None>
    <None Include="libavutil\x86\x86util.asm">
      <Filter>libavutil\x86</Filter>
    </None>
  </ItemGroup>
</Project>